<?xml version="1.0" encoding="UTF-8" standalone="yes" ?>
<CodeBlocks_project_file>
	<FileVersion major="1" minor="6" />
	<Project>
		<Option title="SHX_font_converter" />
		<Option pch_mode="2" />
		<Option compiler="winlibs_x32_gcc_11_2_0" />
		<Build>
			<Target title="Debug">
				<Option output="bin/Debug/SHX_font_converter" prefix_auto="1" extension_auto="1" />
				<Option object_output="obj/Debug/" />
				<Option type="1" />
				<Option compiler="WinLibs_12_2_0_x64_UCRT" />
				<Compiler>
					<Add option="-g" />
				</Compiler>
			</Target>
			<Target title="Release">
				<Option output="bin/Release/SHX_font_converter" prefix_auto="1" extension_auto="1" />
				<Option object_output="obj/Release/" />
				<Option type="1" />
				<Option compiler="winlibs_12_2_0_x86_ucrt" />
				<Compiler>
					<Add option="-O2" />
				</Compiler>
				<Linker>
					<Add option="-s -static" />
				</Linker>
			</Target>
		</Build>
		<Compiler>
			<Add option="-Wall" />
			<Add option="-fexceptions" />
		</Compiler>
		<Unit filename="SHX_font.cpp" />
		<Unit filename="SHX_font.h" />
		<Unit filename="debug.cpp" />
		<Unit filename="debug.h" />
		<Unit filename="main.cpp" />
		<Extensions>
			<lib_finder disable_auto="1" />
		</Extensions>
	</Project>
</CodeBlocks_project_file>
